// !$*UTF8*$!
{
	archiveVersion = 1;
	classes = {
	};
	objectVersion = 56;
	objects = {

/* Begin PBXBuildFile section */
		0F09DFBF2B8E6AE8005541A5 /* AppDelegate.swift in Sources */ = {isa = PBXBuildFile; fileRef = 0F09DFBE2B8E6AE8005541A5 /* AppDelegate.swift */; };
		0F09DFC12B8E6AE8005541A5 /* SceneDelegate.swift in Sources */ = {isa = PBXBuildFile; fileRef = 0F09DFC02B8E6AE8005541A5 /* SceneDelegate.swift */; };
		0F09DFC32B8E6AE8005541A5 /* EeveeViewController.swift in Sources */ = {isa = PBXBuildFile; fileRef = 0F09DFC22B8E6AE8005541A5 /* EeveeViewController.swift */; };
		0F09DFC82B8E6AEB005541A5 /* Assets.xcassets in Resources */ = {isa = PBXBuildFile; fileRef = 0F09DFC72B8E6AEB005541A5 /* Assets.xcassets */; };
		0F09DFCB2B8E6AEB005541A5 /* LaunchScreen.storyboard in Resources */ = {isa = PBXBuildFile; fileRef = 0F09DFC92B8E6AEB005541A5 /* LaunchScreen.storyboard */; };
		0F09DFD62B8ECAA6005541A5 /* EeveeEvolvedViewController.swift in Sources */ = {isa = PBXBuildFile; fileRef = 0F09DFD52B8ECAA6005541A5 /* EeveeEvolvedViewController.swift */; };
		0F09DFD92B8ECE0C005541A5 /* Eevee.swift in Sources */ = {isa = PBXBuildFile; fileRef = 0F09DFD82B8ECE0C005541A5 /* Eevee.swift */; };
		0F09DFDC2B8ECE57005541A5 /* EeveeEvolutionHelper.swift in Sources */ = {isa = PBXBuildFile; fileRef = 0F09DFDB2B8ECE57005541A5 /* EeveeEvolutionHelper.swift */; };
/* End PBXBuildFile section */

/* Begin PBXFileReference section */
		0F09DFBB2B8E6AE8005541A5 /* Eeevee evolution.app */ = {isa = PBXFileReference; explicitFileType = wrapper.application; includeInIndex = 0; path = "Eeevee evolution.app"; sourceTree = BUILT_PRODUCTS_DIR; };
		0F09DFBE2B8E6AE8005541A5 /* AppDelegate.swift */ = {isa = PBXFileReference; lastKnownFileType = sourcecode.swift; path = AppDelegate.swift; sourceTree = "<group>"; };
		0F09DFC02B8E6AE8005541A5 /* SceneDelegate.swift */ = {isa = PBXFileReference; lastKnownFileType = sourcecode.swift; path = SceneDelegate.swift; sourceTree = "<group>"; };
		0F09DFC22B8E6AE8005541A5 /* EeveeViewController.swift */ = {isa = PBXFileReference; lastKnownFileType = sourcecode.swift; path = EeveeViewController.swift; sourceTree = "<group>"; };
		0F09DFC72B8E6AEB005541A5 /* Assets.xcassets */ = {isa = PBXFileReference; lastKnownFileType = folder.assetcatalog; path = Assets.xcassets; sourceTree = "<group>"; };
		0F09DFCA2B8E6AEB005541A5 /* Base */ = {isa = PBXFileReference; lastKnownFileType = file.storyboard; name = Base; path = Base.lproj/LaunchScreen.storyboard; sourceTree = "<group>"; };
		0F09DFCC2B8E6AEB005541A5 /* Info.plist */ = {isa = PBXFileReference; lastKnownFileType = text.plist.xml; path = Info.plist; sourceTree = "<group>"; };
		0F09DFD52B8ECAA6005541A5 /* EeveeEvolvedViewController.swift */ = {isa = PBXFileReference; lastKnownFileType = sourcecode.swift; path = EeveeEvolvedViewController.swift; sourceTree = "<group>"; };
		0F09DFD82B8ECE0C005541A5 /* Eevee.swift */ = {isa = PBXFileReference; lastKnownFileType = sourcecode.swift; path = Eevee.swift; sourceTree = "<group>"; };
		0F09DFDB2B8ECE57005541A5 /* EeveeEvolutionHelper.swift */ = {isa = PBXFileReference; lastKnownFileType = sourcecode.swift; path = EeveeEvolutionHelper.swift; sourceTree = "<group>"; };
/* End PBXFileReference section */

/* Begin PBXFrameworksBuildPhase section */
		0F09DFB82B8E6AE8005541A5 /* Frameworks */ = {
			isa = PBXFrameworksBuildPhase;
			buildActionMask = 2147483647;
			files = (
			);
			runOnlyForDeploymentPostprocessing = 0;
		};
/* End PBXFrameworksBuildPhase section */

/* Begin PBXGroup section */
		0F09DFB22B8E6AE7005541A5 = {
			isa = PBXGroup;
			children = (
				0F09DFBD2B8E6AE8005541A5 /* Eeevee evolution */,
				0F09DFBC2B8E6AE8005541A5 /* Products */,
			);
			sourceTree = "<group>";
		};
		0F09DFBC2B8E6AE8005541A5 /* Products */ = {
			isa = PBXGroup;
			children = (
				0F09DFBB2B8E6AE8005541A5 /* Eeevee evolution.app */,
			);
			name = Products;
			sourceTree = "<group>";
		};
		0F09DFBD2B8E6AE8005541A5 /* Eeevee evolution */ = {
			isa = PBXGroup;
			children = (
				0F09DFDA2B8ECE40005541A5 /* Helper */,
				0F09DFD72B8ECDFD005541A5 /* Model */,
				0F09DFD42B8E6B5F005541A5 /* Resources */,
				0F09DFD32B8E6B49005541A5 /* Supporting Files */,
				0F09DFD22B8E6B35005541A5 /* Scenes */,
				0F09DFCC2B8E6AEB005541A5 /* Info.plist */,
			);
			path = "Eeevee evolution";
			sourceTree = "<group>";
		};
		0F09DFD22B8E6B35005541A5 /* Scenes */ = {
			isa = PBXGroup;
			children = (
				0F09DFDF2B8F9CA3005541A5 /* EeveeEvolved */,
				0F09DFDE2B8F9C95005541A5 /* Eevee */,
				0F09DFDD2B8F9C88005541A5 /* LaunchScreen */,
				0F09DFC92B8E6AEB005541A5 /* LaunchScreen.storyboard */,
			);
			path = Scenes;
			sourceTree = "<group>";
		};
		0F09DFD32B8E6B49005541A5 /* Supporting Files */ = {
			isa = PBXGroup;
			children = (
				0F09DFBE2B8E6AE8005541A5 /* AppDelegate.swift */,
				0F09DFC02B8E6AE8005541A5 /* SceneDelegate.swift */,
			);
			path = "Supporting Files";
			sourceTree = "<group>";
		};
		0F09DFD42B8E6B5F005541A5 /* Resources */ = {
			isa = PBXGroup;
			children = (
				0F09DFC72B8E6AEB005541A5 /* Assets.xcassets */,
			);
			path = Resources;
			sourceTree = "<group>";
		};
		0F09DFD72B8ECDFD005541A5 /* Model */ = {
			isa = PBXGroup;
			children = (
				0F09DFD82B8ECE0C005541A5 /* Eevee.swift */,
			);
			path = Model;
			sourceTree = "<group>";
		};
		0F09DFDA2B8ECE40005541A5 /* Helper */ = {
			isa = PBXGroup;
			children = (
				0F09DFDB2B8ECE57005541A5 /* EeveeEvolutionHelper.swift */,
			);
			path = Helper;
			sourceTree = "<group>";
		};
		0F09DFDD2B8F9C88005541A5 /* LaunchScreen */ = {
			isa = PBXGroup;
			children = (
			);
			path = LaunchScreen;
			sourceTree = "<group>";
		};
		0F09DFDE2B8F9C95005541A5 /* Eevee */ = {
			isa = PBXGroup;
			children = (
				0F09DFC22B8E6AE8005541A5 /* EeveeViewController.swift */,
			);
			path = Eevee;
			sourceTree = "<group>";
		};
		0F09DFDF2B8F9CA3005541A5 /* EeveeEvolved */ = {
			isa = PBXGroup;
			children = (
				0F09DFD52B8ECAA6005541A5 /* EeveeEvolvedViewController.swift */,
			);
			path = EeveeEvolved;
			sourceTree = "<group>";
		};
/* End PBXGroup section */

/* Begin PBXNativeTarget section */
		0F09DFBA2B8E6AE8005541A5 /* Eeevee evolution */ = {
			isa = PBXNativeTarget;
			buildConfigurationList = 0F09DFCF2B8E6AEB005541A5 /* Build configuration list for PBXNativeTarget "Eeevee evolution" */;
			buildPhases = (
				0F09DFB72B8E6AE8005541A5 /* Sources */,
				0F09DFB82B8E6AE8005541A5 /* Frameworks */,
				0F09DFB92B8E6AE8005541A5 /* Resources */,
			);
			buildRules = (
			);
			dependencies = (
			);
			name = "Eeevee evolution";
			productName = "Eeevee evolution";
			productReference = 0F09DFBB2B8E6AE8005541A5 /* Eeevee evolution.app */;
			productType = "com.apple.product-type.application";
		};
/* End PBXNativeTarget section */

/* Begin PBXProject section */
		0F09DFB32B8E6AE7005541A5 /* Project object */ = {
			isa = PBXProject;
			attributes = {
				BuildIndependentTargetsInParallel = 1;
				LastSwiftUpdateCheck = 1500;
				LastUpgradeCheck = 1500;
				TargetAttributes = {
					0F09DFBA2B8E6AE8005541A5 = {
						CreatedOnToolsVersion = 15.0.1;
					};
				};
			};
			buildConfigurationList = 0F09DFB62B8E6AE7005541A5 /* Build configuration list for PBXProject "Eeevee evolution" */;
			compatibilityVersion = "Xcode 14.0";
			developmentRegion = en;
			hasScannedForEncodings = 0;
			knownRegions = (
				en,
				Base,
			);
			mainGroup = 0F09DFB22B8E6AE7005541A5;
			productRefGroup = 0F09DFBC2B8E6AE8005541A5 /* Products */;
			projectDirPath = "";
			projectRoot = "";
			targets = (
				0F09DFBA2B8E6AE8005541A5 /* Eeevee evolution */,
			);
		};
/* End PBXProject section */

/* Begin PBXResourcesBuildPhase section */
		0F09DFB92B8E6AE8005541A5 /* Resources */ = {
			isa = PBXResourcesBuildPhase;
			buildActionMask = 2147483647;
			files = (
				0F09DFCB2B8E6AEB005541A5 /* LaunchScreen.storyboard in Resources */,
				0F09DFC82B8E6AEB005541A5 /* Assets.xcassets in Resources */,
			);
			runOnlyForDeploymentPostprocessing = 0;
		};
/* End PBXResourcesBuildPhase section */

/* Begin PBXSourcesBuildPhase section */
		0F09DFB72B8E6AE8005541A5 /* Sources */ = {
			isa = PBXSourcesBuildPhase;
			buildActionMask = 2147483647;
			files = (
				0F09DFC32B8E6AE8005541A5 /* EeveeViewController.swift in Sources */,
				0F09DFBF2B8E6AE8005541A5 /* AppDelegate.swift in Sources */,
				0F09DFDC2B8ECE57005541A5 /* EeveeEvolutionHelper.swift in Sources */,
				0F09DFD62B8ECAA6005541A5 /* EeveeEvolvedViewController.swift in Sources */,
				0F09DFC12B8E6AE8005541A5 /* SceneDelegate.swift in Sources */,
				0F09DFD92B8ECE0C005541A5 /* Eevee.swift in Sources */,
			);
			runOnlyForDeploymentPostprocessing = 0;
		};
/* End PBXSourcesBuildPhase section */

/* Begin PBXVariantGroup section */
		0F09DFC92B8E6AEB005541A5 /* LaunchScreen.storyboard */ = {
			isa = PBXVariantGroup;
			children = (
				0F09DFCA2B8E6AEB005541A5 /* Base */,
			);
			name = LaunchScreen.storyboard;
			sourceTree = "<group>";
		};
/* End PBXVariantGroup section */

/* Begin XCBuildConfiguration section */
		0F09DFCD2B8E6AEB005541A5 /* Debug */ = {
			isa = XCBuildConfiguration;
			buildSettings = {
				ALWAYS_SEARCH_USER_PATHS = NO;
				ASSETCATALOG_COMPILER_GENERATE_SWIFT_ASSET_SYMBOL_EXTENSIONS = YES;
				CLANG_ANALYZER_NONNULL = YES;
				CLANG_ANALYZER_NUMBER_OBJECT_CONVERSION = YES_AGGRESSIVE;
				CLANG_CXX_LANGUAGE_STANDARD = "gnu++20";
				CLANG_ENABLE_MODULES = YES;
				CLANG_ENABLE_OBJC_ARC = YES;
				CLANG_ENABLE_OBJC_WEAK = YES;
				CLANG_WARN_BLOCK_CAPTURE_AUTORELEASING = YES;
				CLANG_WARN_BOOL_CONVERSION = YES;
				CLANG_WARN_COMMA = YES;
				CLANG_WARN_CONSTANT_CONVERSION = YES;
				CLANG_WARN_DEPRECATED_OBJC_IMPLEMENTATIONS = YES;
				CLANG_WARN_DIRECT_OBJC_ISA_USAGE = YES_ERROR;
				CLANG_WARN_DOCUMENTATION_COMMENTS = YES;
				CLANG_WARN_EMPTY_BODY = YES;
				CLANG_WARN_ENUM_CONVERSION = YES;
				CLANG_WARN_INFINITE_RECURSION = YES;
				CLANG_WARN_INT_CONVERSION = YES;
				CLANG_WARN_NON_LITERAL_NULL_CONVERSION = YES;
				CLANG_WARN_OBJC_IMPLICIT_RETAIN_SELF = YES;
				CLANG_WARN_OBJC_LITERAL_CONVERSION = YES;
				CLANG_WARN_OBJC_ROOT_CLASS = YES_ERROR;
				CLANG_WARN_QUOTED_INCLUDE_IN_FRAMEWORK_HEADER = YES;
				CLANG_WARN_RANGE_LOOP_ANALYSIS = YES;
				CLANG_WARN_STRICT_PROTOTYPES = YES;
				CLANG_WARN_SUSPICIOUS_MOVE = YES;
				CLANG_WARN_UNGUARDED_AVAILABILITY = YES_AGGRESSIVE;
				CLANG_WARN_UNREACHABLE_CODE = YES;
				CLANG_WARN__DUPLICATE_METHOD_MATCH = YES;
				COPY_PHASE_STRIP = NO;
				DEBUG_INFORMATION_FORMAT = dwarf;
				ENABLE_STRICT_OBJC_MSGSEND = YES;
				ENABLE_TESTABILITY = YES;
				ENABLE_USER_SCRIPT_SANDBOXING = YES;
				GCC_C_LANGUAGE_STANDARD = gnu17;
				GCC_DYNAMIC_NO_PIC = NO;
				GCC_NO_COMMON_BLOCKS = YES;
				GCC_OPTIMIZATION_LEVEL = 0;
				GCC_PREPROCESSOR_DEFINITIONS = (
					"DEBUG=1",
					"$(inherited)",
				);
				GCC_WARN_64_TO_32_BIT_CONVERSION = YES;
				GCC_WARN_ABOUT_RETURN_TYPE = YES_ERROR;
				GCC_WARN_UNDECLARED_SELECTOR = YES;
				GCC_WARN_UNINITIALIZED_AUTOS = YES_AGGRESSIVE;
				GCC_WARN_UNUSED_FUNCTION = YES;
				GCC_WARN_UNUSED_VARIABLE = YES;
				IPHONEOS_DEPLOYMENT_TARGET = 17.0;
				LOCALIZATION_PREFERS_STRING_CATALOGS = YES;
				MTL_ENABLE_DEBUG_INFO = INCLUDE_SOURCE;
				MTL_FAST_MATH = YES;
				ONLY_ACTIVE_ARCH = YES;
				SDKROOT = iphoneos;
				SWIFT_ACTIVE_COMPILATION_CONDITIONS = "DEBUG $(inherited)";
				SWIFT_OPTIMIZATION_LEVEL = "-Onone";
			};
			name = Debug;
		};
		0F09DFCE2B8E6AEB005541A5 /* Release */ = {
			isa = XCBuildConfiguration;
			buildSettings = {
				ALWAYS_SEARCH_USER_PATHS = NO;
				ASSETCATALOG_COMPILER_GENERATE_SWIFT_ASSET_SYMBOL_EXTENSIONS = YES;
				CLANG_ANALYZER_NONNULL = YES;
				CLANG_ANALYZER_NUMBER_OBJECT_CONVERSION = YES_AGGRESSIVE;
				CLANG_CXX_LANGUAGE_STANDARD = "gnu++20";
				CLANG_ENABLE_MODULES = YES;
				CLANG_ENABLE_OBJC_ARC = YES;
				CLANG_ENABLE_OBJC_WEAK = YES;
				CLANG_WARN_BLOCK_CAPTURE_AUTORELEASING = YES;
				CLANG_WARN_BOOL_CONVERSION = YES;
				CLANG_WARN_COMMA = YES;
				CLANG_WARN_CONSTANT_CONVERSION = YES;
				CLANG_WARN_DEPRECATED_OBJC_IMPLEMENTATIONS = YES;
				CLANG_WARN_DIRECT_OBJC_ISA_USAGE = YES_ERROR;
				CLANG_WARN_DOCUMENTATION_COMMENTS = YES;
				CLANG_WARN_EMPTY_BODY = YES;
				CLANG_WARN_ENUM_CONVERSION = YES;
				CLANG_WARN_INFINITE_RECURSION = YES;
				CLANG_WARN_INT_CONVERSION = YES;
				CLANG_WARN_NON_LITERAL_NULL_CONVERSION = YES;
				CLANG_WARN_OBJC_IMPLICIT_RETAIN_SELF = YES;
				CLANG_WARN_OBJC_LITERAL_CONVERSION = YES;
				CLANG_WARN_OBJC_ROOT_CLASS = YES_ERROR;
				CLANG_WARN_QUOTED_INCLUDE_IN_FRAMEWORK_HEADER = YES;
				CLANG_WARN_RANGE_LOOP_ANALYSIS = YES;
				CLANG_WARN_STRICT_PROTOTYPES = YES;
				CLANG_WARN_SUSPICIOUS_MOVE = YES;
				CLANG_WARN_UNGUARDED_AVAILABILITY = YES_AGGRESSIVE;
				CLANG_WARN_UNREACHABLE_CODE = YES;
				CLANG_WARN__DUPLICATE_METHOD_MATCH = YES;
				COPY_PHASE_STRIP = NO;
				DEBUG_INFORMATION_FORMAT = "dwarf-with-dsym";
				ENABLE_NS_ASSERTIONS = NO;
				ENABLE_STRICT_OBJC_MSGSEND = YES;
				ENABLE_USER_SCRIPT_SANDBOXING = YES;
				GCC_C_LANGUAGE_STANDARD = gnu17;
				GCC_NO_COMMON_BLOCKS = YES;
				GCC_WARN_64_TO_32_BIT_CONVERSION = YES;
				GCC_WARN_ABOUT_RETURN_TYPE = YES_ERROR;
				GCC_WARN_UNDECLARED_SELECTOR = YES;
				GCC_WARN_UNINITIALIZED_AUTOS = YES_AGGRESSIVE;
				GCC_WARN_UNUSED_FUNCTION = YES;
				GCC_WARN_UNUSED_VARIABLE = YES;
				IPHONEOS_DEPLOYMENT_TARGET = 17.0;
				LOCALIZATION_PREFERS_STRING_CATALOGS = YES;
				MTL_ENABLE_DEBUG_INFO = NO;
				MTL_FAST_MATH = YES;
				SDKROOT = iphoneos;
				SWIFT_COMPILATION_MODE = wholemodule;
				VALIDATE_PRODUCT = YES;
			};
			name = Release;
		};
		0F09DFD02B8E6AEB005541A5 /* Debug */ = {
			isa = XCBuildConfiguration;
			buildSettings = {
				ASSETCATALOG_COMPILER_APPICON_NAME = AppIcon;
				ASSETCATALOG_COMPILER_GLOBAL_ACCENT_COLOR_NAME = AccentColor;
				CODE_SIGN_STYLE = Automatic;
				CURRENT_PROJECT_VERSION = 1;
				GENERATE_INFOPLIST_FILE = YES;
				INFOPLIST_FILE = "Eeevee evolution/Info.plist";
				INFOPLIST_KEY_UIApplicationSupportsIndirectInputEvents = YES;
				INFOPLIST_KEY_UILaunchStoryboardName = LaunchScreen.storyboard;
				INFOPLIST_KEY_UISupportedInterfaceOrientations_iPad = "UIInterfaceOrientationPortrait UIInterfaceOrientationPortraitUpsideDown UIInterfaceOrientationLandscapeLeft UIInterfaceOrientationLandscapeRight";
				INFOPLIST_KEY_UISupportedInterfaceOrientations_iPhone = "UIInterfaceOrientationPortrait UIInterfaceOrientationLandscapeLeft UIInterfaceOrientationLandscapeRight";
				LD_RUNPATH_SEARCH_PATHS = (
					"$(inherited)",
					"@executable_path/Frameworks",
				);
				MARKETING_VERSION = 1.0;
				PRODUCT_BUNDLE_IDENTIFIER = "com.javiercueto.Eeevee-evolution";
				PRODUCT_NAME = "$(TARGET_NAME)";
				SWIFT_EMIT_LOC_STRINGS = YES;
				SWIFT_VERSION = 5.0;
				TARGETED_DEVICE_FAMILY = "1,2";
			};
			name = Debug;
		};
		0F09DFD12B8E6AEB005541A5 /* Release */ = {
			isa = XCBuildConfiguration;
			buildSettings = {
				ASSETCATALOG_COMPILER_APPICON_NAME = AppIcon;
				ASSETCATALOG_COMPILER_GLOBAL_ACCENT_COLOR_NAME = AccentColor;
				CODE_SIGN_STYLE = Automatic;
				CURRENT_PROJECT_VERSION = 1;
				GENERATE_INFOPLIST_FILE = YES;
				INFOPLIST_FILE = "Eeevee evolution/Info.plist";
				INFOPLIST_KEY_UIApplicationSupportsIndirectInputEvents = YES;
				INFOPLIST_KEY_UILaunchStoryboardName = LaunchScreen.storyboard;
				INFOPLIST_KEY_UISupportedInterfaceOrientations_iPad = "UIInterfaceOrientationPortrait UIInterfaceOrientationPortraitUpsideDown UIInterfaceOrientationLandscapeLeft UIInterfaceOrientationLandscapeRight";
				INFOPLIST_KEY_UISupportedInterfaceOrientations_iPhone = "UIInterfaceOrientationPortrait UIInterfaceOrientationLandscapeLeft UIInterfaceOrientationLandscapeRight";
				LD_RUNPATH_SEARCH_PATHS = (
					"$(inherited)",
					"@executable_path/Frameworks",
				);
				MARKETING_VERSION = 1.0;
				PRODUCT_BUNDLE_IDENTIFIER = "com.javiercueto.Eeevee-evolution";
				PRODUCT_NAME = "$(TARGET_NAME)";
				SWIFT_EMIT_LOC_STRINGS = YES;
				SWIFT_VERSION = 5.0;
				TARGETED_DEVICE_FAMILY = "1,2";
			};
			name = Release;
		};
/* End XCBuildConfiguration section */

/* Begin XCConfigurationList section */
		0F09DFB62B8E6AE7005541A5 /* Build configuration list for PBXProject "Eeevee evolution" */ = {
			isa = XCConfigurationList;
			buildConfigurations = (
				0F09DFCD2B8E6AEB005541A5 /* Debug */,
				0F09DFCE2B8E6AEB005541A5 /* Release */,
			);
			defaultConfigurationIsVisible = 0;
			defaultConfigurationName = Release;
		};
		0F09DFCF2B8E6AEB005541A5 /* Build configuration list for PBXNativeTarget "Eeevee evolution" */ = {
			isa = XCConfigurationList;
			buildConfigurations = (
				0F09DFD02B8E6AEB005541A5 /* Debug */,
				0F09DFD12B8E6AEB005541A5 /* Release */,
			);
			defaultConfigurationIsVisible = 0;
			defaultConfigurationName = Release;
		};
/* End XCConfigurationList section */
	};
	rootObject = 0F09DFB32B8E6AE7005541A5 /* Project object */;
}
